// !$*UTF8*$!
{
	archiveVersion = 1;
	classes = {
	};
	objectVersion = 50;
	objects = {

/* Begin PBXBuildFile section */
		4C4FD4FB26A588D0003B96F4 /* main.swift in Sources */ = {isa = PBXBuildFile; fileRef = 4C4FD4F126A586BF003B96F4 /* main.swift */; };
		4C4FD51C26A5A1F8003B96F4 /* main.swift in Sources */ = {isa = PBXBuildFile; fileRef = 4C4FD51B26A5A1F8003B96F4 /* main.swift */; };
		4C4FD52A26A67491003B96F4 /* main.swift in Sources */ = {isa = PBXBuildFile; fileRef = 4C4FD52926A67491003B96F4 /* main.swift */; };
		4C4FD53926A67EBC003B96F4 /* main.swift in Sources */ = {isa = PBXBuildFile; fileRef = 4C4FD53826A67EBC003B96F4 /* main.swift */; };
/* End PBXBuildFile section */

/* Begin PBXCopyFilesBuildPhase section */
		4C4FD4DF26A56880003B96F4 /* CopyFiles */ = {
			isa = PBXCopyFilesBuildPhase;
			buildActionMask = 2147483647;
			dstPath = /usr/share/man/man1/;
			dstSubfolderSpec = 0;
			files = (
			);
			runOnlyForDeploymentPostprocessing = 1;
		};
		4C4FD4FF26A58A85003B96F4 /* CopyFiles */ = {
			isa = PBXCopyFilesBuildPhase;
			buildActionMask = 2147483647;
			dstPath = /usr/share/man/man1/;
			dstSubfolderSpec = 0;
			files = (
			);
			runOnlyForDeploymentPostprocessing = 1;
		};
		4C4FD51726A5A1F8003B96F4 /* CopyFiles */ = {
			isa = PBXCopyFilesBuildPhase;
			buildActionMask = 2147483647;
			dstPath = /usr/share/man/man1/;
			dstSubfolderSpec = 0;
			files = (
			);
			runOnlyForDeploymentPostprocessing = 1;
		};
		4C4FD52526A67491003B96F4 /* CopyFiles */ = {
			isa = PBXCopyFilesBuildPhase;
			buildActionMask = 2147483647;
			dstPath = /usr/share/man/man1/;
			dstSubfolderSpec = 0;
			files = (
			);
			runOnlyForDeploymentPostprocessing = 1;
		};
		4C4FD53426A67EBC003B96F4 /* CopyFiles */ = {
			isa = PBXCopyFilesBuildPhase;
			buildActionMask = 2147483647;
			dstPath = /usr/share/man/man1/;
			dstSubfolderSpec = 0;
			files = (
			);
			runOnlyForDeploymentPostprocessing = 1;
		};
/* End PBXCopyFilesBuildPhase section */

/* Begin PBXFileReference section */
		4C4FD4E126A56880003B96F4 /* baekjoon_algorithm */ = {isa = PBXFileReference; explicitFileType = "compiled.mach-o.executable"; includeInIndex = 0; path = baekjoon_algorithm; sourceTree = BUILT_PRODUCTS_DIR; };
		4C4FD4EC26A568A2003B96F4 /* 5567.swift */ = {isa = PBXFileReference; lastKnownFileType = sourcecode.swift; path = 5567.swift; sourceTree = "<group>"; };
		4C4FD4F126A586BF003B96F4 /* main.swift */ = {isa = PBXFileReference; lastKnownFileType = sourcecode.swift; path = main.swift; sourceTree = "<group>"; };
		4C4FD50126A58A85003B96F4 /* 5567 */ = {isa = PBXFileReference; explicitFileType = "compiled.mach-o.executable"; includeInIndex = 0; path = 5567; sourceTree = BUILT_PRODUCTS_DIR; };
		4C4FD51926A5A1F8003B96F4 /* 1966 */ = {isa = PBXFileReference; explicitFileType = "compiled.mach-o.executable"; includeInIndex = 0; path = 1966; sourceTree = BUILT_PRODUCTS_DIR; };
		4C4FD51B26A5A1F8003B96F4 /* main.swift */ = {isa = PBXFileReference; lastKnownFileType = sourcecode.swift; path = main.swift; sourceTree = "<group>"; };
		4C4FD52726A67491003B96F4 /* 10773 */ = {isa = PBXFileReference; explicitFileType = "compiled.mach-o.executable"; includeInIndex = 0; path = 10773; sourceTree = BUILT_PRODUCTS_DIR; };
		4C4FD52926A67491003B96F4 /* main.swift */ = {isa = PBXFileReference; lastKnownFileType = sourcecode.swift; path = main.swift; sourceTree = "<group>"; };
		4C4FD53626A67EBC003B96F4 /* 4673 */ = {isa = PBXFileReference; explicitFileType = "compiled.mach-o.executable"; includeInIndex = 0; path = 4673; sourceTree = BUILT_PRODUCTS_DIR; };
		4C4FD53826A67EBC003B96F4 /* main.swift */ = {isa = PBXFileReference; lastKnownFileType = sourcecode.swift; path = main.swift; sourceTree = "<group>"; };
/* End PBXFileReference section */

/* Begin PBXFrameworksBuildPhase section */
		4C4FD4DE26A56880003B96F4 /* Frameworks */ = {
			isa = PBXFrameworksBuildPhase;
			buildActionMask = 2147483647;
			files = (
			);
			runOnlyForDeploymentPostprocessing = 0;
		};
		4C4FD4FE26A58A85003B96F4 /* Frameworks */ = {
			isa = PBXFrameworksBuildPhase;
			buildActionMask = 2147483647;
			files = (
			);
			runOnlyForDeploymentPostprocessing = 0;
		};
		4C4FD51626A5A1F8003B96F4 /* Frameworks */ = {
			isa = PBXFrameworksBuildPhase;
			buildActionMask = 2147483647;
			files = (
			);
			runOnlyForDeploymentPostprocessing = 0;
		};
		4C4FD52426A67491003B96F4 /* Frameworks */ = {
			isa = PBXFrameworksBuildPhase;
			buildActionMask = 2147483647;
			files = (
			);
			runOnlyForDeploymentPostprocessing = 0;
		};
		4C4FD53326A67EBC003B96F4 /* Frameworks */ = {
			isa = PBXFrameworksBuildPhase;
			buildActionMask = 2147483647;
			files = (
			);
			runOnlyForDeploymentPostprocessing = 0;
		};
/* End PBXFrameworksBuildPhase section */

/* Begin PBXGroup section */
		4C4FD4D826A56880003B96F4 = {
			isa = PBXGroup;
			children = (
				4C4FD4E326A56880003B96F4 /* baekjoon_algorithm */,
				4C4FD50226A58A85003B96F4 /* 5567 */,
				4C4FD51A26A5A1F8003B96F4 /* 1966 */,
				4C4FD52826A67491003B96F4 /* 10773 */,
				4C4FD53726A67EBC003B96F4 /* 4673 */,
				4C4FD4E226A56880003B96F4 /* Products */,
			);
			sourceTree = "<group>";
		};
		4C4FD4E226A56880003B96F4 /* Products */ = {
			isa = PBXGroup;
			children = (
				4C4FD4E126A56880003B96F4 /* baekjoon_algorithm */,
				4C4FD50126A58A85003B96F4 /* 5567 */,
				4C4FD51926A5A1F8003B96F4 /* 1966 */,
				4C4FD52726A67491003B96F4 /* 10773 */,
				4C4FD53626A67EBC003B96F4 /* 4673 */,
			);
			name = Products;
			sourceTree = "<group>";
		};
		4C4FD4E326A56880003B96F4 /* baekjoon_algorithm */ = {
			isa = PBXGroup;
			children = (
				4C4FD4F126A586BF003B96F4 /* main.swift */,
			);
			path = baekjoon_algorithm;
			sourceTree = "<group>";
		};
		4C4FD50226A58A85003B96F4 /* 5567 */ = {
			isa = PBXGroup;
			children = (
				4C4FD4EC26A568A2003B96F4 /* 5567.swift */,
			);
			path = 5567;
			sourceTree = "<group>";
		};
		4C4FD51A26A5A1F8003B96F4 /* 1966 */ = {
			isa = PBXGroup;
			children = (
				4C4FD51B26A5A1F8003B96F4 /* main.swift */,
			);
			path = 1966;
			sourceTree = "<group>";
		};
		4C4FD52826A67491003B96F4 /* 10773 */ = {
			isa = PBXGroup;
			children = (
				4C4FD52926A67491003B96F4 /* main.swift */,
			);
			path = 10773;
			sourceTree = "<group>";
		};
		4C4FD53726A67EBC003B96F4 /* 4673 */ = {
			isa = PBXGroup;
			children = (
				4C4FD53826A67EBC003B96F4 /* main.swift */,
			);
			path = 4673;
			sourceTree = "<group>";
		};
/* End PBXGroup section */

/* Begin PBXNativeTarget section */
		4C4FD4E026A56880003B96F4 /* baekjoon_algorithm */ = {
			isa = PBXNativeTarget;
			buildConfigurationList = 4C4FD4E826A56880003B96F4 /* Build configuration list for PBXNativeTarget "baekjoon_algorithm" */;
			buildPhases = (
				4C4FD4DD26A56880003B96F4 /* Sources */,
				4C4FD4DE26A56880003B96F4 /* Frameworks */,
				4C4FD4DF26A56880003B96F4 /* CopyFiles */,
			);
			buildRules = (
			);
			dependencies = (
			);
			name = baekjoon_algorithm;
			productName = baekjoon_algorithm;
			productReference = 4C4FD4E126A56880003B96F4 /* baekjoon_algorithm */;
			productType = "com.apple.product-type.tool";
		};
		4C4FD50026A58A85003B96F4 /* 5567 */ = {
			isa = PBXNativeTarget;
			buildConfigurationList = 4C4FD50526A58A85003B96F4 /* Build configuration list for PBXNativeTarget "5567" */;
			buildPhases = (
				4C4FD4FD26A58A85003B96F4 /* Sources */,
				4C4FD4FE26A58A85003B96F4 /* Frameworks */,
				4C4FD4FF26A58A85003B96F4 /* CopyFiles */,
			);
			buildRules = (
			);
			dependencies = (
			);
			name = 5567;
			productName = 5567;
			productReference = 4C4FD50126A58A85003B96F4 /* 5567 */;
			productType = "com.apple.product-type.tool";
		};
		4C4FD51826A5A1F8003B96F4 /* 1966 */ = {
			isa = PBXNativeTarget;
			buildConfigurationList = 4C4FD51F26A5A1F8003B96F4 /* Build configuration list for PBXNativeTarget "1966" */;
			buildPhases = (
				4C4FD51526A5A1F8003B96F4 /* Sources */,
				4C4FD51626A5A1F8003B96F4 /* Frameworks */,
				4C4FD51726A5A1F8003B96F4 /* CopyFiles */,
			);
			buildRules = (
			);
			dependencies = (
			);
			name = 1966;
			productName = 1966;
			productReference = 4C4FD51926A5A1F8003B96F4 /* 1966 */;
			productType = "com.apple.product-type.tool";
		};
		4C4FD52626A67491003B96F4 /* 10773 */ = {
			isa = PBXNativeTarget;
			buildConfigurationList = 4C4FD52B26A67491003B96F4 /* Build configuration list for PBXNativeTarget "10773" */;
			buildPhases = (
				4C4FD52326A67491003B96F4 /* Sources */,
				4C4FD52426A67491003B96F4 /* Frameworks */,
				4C4FD52526A67491003B96F4 /* CopyFiles */,
			);
			buildRules = (
			);
			dependencies = (
			);
			name = 10773;
			productName = 10773;
			productReference = 4C4FD52726A67491003B96F4 /* 10773 */;
			productType = "com.apple.product-type.tool";
		};
		4C4FD53526A67EBC003B96F4 /* 4673 */ = {
			isa = PBXNativeTarget;
			buildConfigurationList = 4C4FD53A26A67EBC003B96F4 /* Build configuration list for PBXNativeTarget "4673" */;
			buildPhases = (
				4C4FD53226A67EBC003B96F4 /* Sources */,
				4C4FD53326A67EBC003B96F4 /* Frameworks */,
				4C4FD53426A67EBC003B96F4 /* CopyFiles */,
			);
			buildRules = (
			);
			dependencies = (
			);
			name = 4673;
			productName = 4673;
			productReference = 4C4FD53626A67EBC003B96F4 /* 4673 */;
			productType = "com.apple.product-type.tool";
		};
/* End PBXNativeTarget section */

/* Begin PBXProject section */
		4C4FD4D926A56880003B96F4 /* Project object */ = {
			isa = PBXProject;
			attributes = {
				LastSwiftUpdateCheck = 1200;
				LastUpgradeCheck = 1200;
				TargetAttributes = {
					4C4FD4E026A56880003B96F4 = {
						CreatedOnToolsVersion = 12.0;
					};
					4C4FD50026A58A85003B96F4 = {
						CreatedOnToolsVersion = 12.0;
					};
					4C4FD51826A5A1F8003B96F4 = {
						CreatedOnToolsVersion = 12.0;
					};
					4C4FD52626A67491003B96F4 = {
						CreatedOnToolsVersion = 12.0;
					};
					4C4FD53526A67EBC003B96F4 = {
						CreatedOnToolsVersion = 12.0;
					};
				};
			};
			buildConfigurationList = 4C4FD4DC26A56880003B96F4 /* Build configuration list for PBXProject "baekjoon_algorithm" */;
			compatibilityVersion = "Xcode 9.3";
			developmentRegion = en;
			hasScannedForEncodings = 0;
			knownRegions = (
				en,
				Base,
			);
			mainGroup = 4C4FD4D826A56880003B96F4;
			productRefGroup = 4C4FD4E226A56880003B96F4 /* Products */;
			projectDirPath = "";
			projectRoot = "";
			targets = (
				4C4FD4E026A56880003B96F4 /* baekjoon_algorithm */,
				4C4FD50026A58A85003B96F4 /* 5567 */,
				4C4FD51826A5A1F8003B96F4 /* 1966 */,
				4C4FD52626A67491003B96F4 /* 10773 */,
				4C4FD53526A67EBC003B96F4 /* 4673 */,
			);
		};
/* End PBXProject section */

/* Begin PBXSourcesBuildPhase section */
		4C4FD4DD26A56880003B96F4 /* Sources */ = {
			isa = PBXSourcesBuildPhase;
			buildActionMask = 2147483647;
			files = (
				4C4FD4FB26A588D0003B96F4 /* main.swift in Sources */,
			);
			runOnlyForDeploymentPostprocessing = 0;
		};
		4C4FD4FD26A58A85003B96F4 /* Sources */ = {
			isa = PBXSourcesBuildPhase;
			buildActionMask = 2147483647;
			files = (
			);
			runOnlyForDeploymentPostprocessing = 0;
		};
		4C4FD51526A5A1F8003B96F4 /* Sources */ = {
			isa = PBXSourcesBuildPhase;
			buildActionMask = 2147483647;
			files = (
				4C4FD51C26A5A1F8003B96F4 /* main.swift in Sources */,
			);
			runOnlyForDeploymentPostprocessing = 0;
		};
		4C4FD52326A67491003B96F4 /* Sources */ = {
			isa = PBXSourcesBuildPhase;
			buildActionMask = 2147483647;
			files = (
				4C4FD52A26A67491003B96F4 /* main.swift in Sources */,
			);
			runOnlyForDeploymentPostprocessing = 0;
		};
		4C4FD53226A67EBC003B96F4 /* Sources */ = {
			isa = PBXSourcesBuildPhase;
			buildActionMask = 2147483647;
			files = (
				4C4FD53926A67EBC003B96F4 /* main.swift in Sources */,
			);
			runOnlyForDeploymentPostprocessing = 0;
		};
/* End PBXSourcesBuildPhase section */

/* Begin XCBuildConfiguration section */
		4C4FD4E626A56880003B96F4 /* Debug */ = {
			isa = XCBuildConfiguration;
			buildSettings = {
				ALWAYS_SEARCH_USER_PATHS = NO;
				CLANG_ANALYZER_NONNULL = YES;
				CLANG_ANALYZER_NUMBER_OBJECT_CONVERSION = YES_AGGRESSIVE;
				CLANG_CXX_LANGUAGE_STANDARD = "gnu++14";
				CLANG_CXX_LIBRARY = "libc++";
				CLANG_ENABLE_MODULES = YES;
				CLANG_ENABLE_OBJC_ARC = YES;
				CLANG_ENABLE_OBJC_WEAK = YES;
				CLANG_WARN_BLOCK_CAPTURE_AUTORELEASING = YES;
				CLANG_WARN_BOOL_CONVERSION = YES;
				CLANG_WARN_COMMA = YES;
				CLANG_WARN_CONSTANT_CONVERSION = YES;
				CLANG_WARN_DEPRECATED_OBJC_IMPLEMENTATIONS = YES;
				CLANG_WARN_DIRECT_OBJC_ISA_USAGE = YES_ERROR;
				CLANG_WARN_DOCUMENTATION_COMMENTS = YES;
				CLANG_WARN_EMPTY_BODY = YES;
				CLANG_WARN_ENUM_CONVERSION = YES;
				CLANG_WARN_INFINITE_RECURSION = YES;
				CLANG_WARN_INT_CONVERSION = YES;
				CLANG_WARN_NON_LITERAL_NULL_CONVERSION = YES;
				CLANG_WARN_OBJC_IMPLICIT_RETAIN_SELF = YES;
				CLANG_WARN_OBJC_LITERAL_CONVERSION = YES;
				CLANG_WARN_OBJC_ROOT_CLASS = YES_ERROR;
				CLANG_WARN_QUOTED_INCLUDE_IN_FRAMEWORK_HEADER = YES;
				CLANG_WARN_RANGE_LOOP_ANALYSIS = YES;
				CLANG_WARN_STRICT_PROTOTYPES = YES;
				CLANG_WARN_SUSPICIOUS_MOVE = YES;
				CLANG_WARN_UNGUARDED_AVAILABILITY = YES_AGGRESSIVE;
				CLANG_WARN_UNREACHABLE_CODE = YES;
				CLANG_WARN__DUPLICATE_METHOD_MATCH = YES;
				COPY_PHASE_STRIP = NO;
				DEBUG_INFORMATION_FORMAT = dwarf;
				ENABLE_STRICT_OBJC_MSGSEND = YES;
				ENABLE_TESTABILITY = YES;
				GCC_C_LANGUAGE_STANDARD = gnu11;
				GCC_DYNAMIC_NO_PIC = NO;
				GCC_NO_COMMON_BLOCKS = YES;
				GCC_OPTIMIZATION_LEVEL = 0;
				GCC_PREPROCESSOR_DEFINITIONS = (
					"DEBUG=1",
					"$(inherited)",
				);
				GCC_WARN_64_TO_32_BIT_CONVERSION = YES;
				GCC_WARN_ABOUT_RETURN_TYPE = YES_ERROR;
				GCC_WARN_UNDECLARED_SELECTOR = YES;
				GCC_WARN_UNINITIALIZED_AUTOS = YES_AGGRESSIVE;
				GCC_WARN_UNUSED_FUNCTION = YES;
				GCC_WARN_UNUSED_VARIABLE = YES;
				MACOSX_DEPLOYMENT_TARGET = 10.15;
				MTL_ENABLE_DEBUG_INFO = INCLUDE_SOURCE;
				MTL_FAST_MATH = YES;
				ONLY_ACTIVE_ARCH = YES;
				SDKROOT = macosx;
				SWIFT_ACTIVE_COMPILATION_CONDITIONS = DEBUG;
				SWIFT_OPTIMIZATION_LEVEL = "-Onone";
			};
			name = Debug;
		};
		4C4FD4E726A56880003B96F4 /* Release */ = {
			isa = XCBuildConfiguration;
			buildSettings = {
				ALWAYS_SEARCH_USER_PATHS = NO;
				CLANG_ANALYZER_NONNULL = YES;
				CLANG_ANALYZER_NUMBER_OBJECT_CONVERSION = YES_AGGRESSIVE;
				CLANG_CXX_LANGUAGE_STANDARD = "gnu++14";
				CLANG_CXX_LIBRARY = "libc++";
				CLANG_ENABLE_MODULES = YES;
				CLANG_ENABLE_OBJC_ARC = YES;
				CLANG_ENABLE_OBJC_WEAK = YES;
				CLANG_WARN_BLOCK_CAPTURE_AUTORELEASING = YES;
				CLANG_WARN_BOOL_CONVERSION = YES;
				CLANG_WARN_COMMA = YES;
				CLANG_WARN_CONSTANT_CONVERSION = YES;
				CLANG_WARN_DEPRECATED_OBJC_IMPLEMENTATIONS = YES;
				CLANG_WARN_DIRECT_OBJC_ISA_USAGE = YES_ERROR;
				CLANG_WARN_DOCUMENTATION_COMMENTS = YES;
				CLANG_WARN_EMPTY_BODY = YES;
				CLANG_WARN_ENUM_CONVERSION = YES;
				CLANG_WARN_INFINITE_RECURSION = YES;
				CLANG_WARN_INT_CONVERSION = YES;
				CLANG_WARN_NON_LITERAL_NULL_CONVERSION = YES;
				CLANG_WARN_OBJC_IMPLICIT_RETAIN_SELF = YES;
				CLANG_WARN_OBJC_LITERAL_CONVERSION = YES;
				CLANG_WARN_OBJC_ROOT_CLASS = YES_ERROR;
				CLANG_WARN_QUOTED_INCLUDE_IN_FRAMEWORK_HEADER = YES;
				CLANG_WARN_RANGE_LOOP_ANALYSIS = YES;
				CLANG_WARN_STRICT_PROTOTYPES = YES;
				CLANG_WARN_SUSPICIOUS_MOVE = YES;
				CLANG_WARN_UNGUARDED_AVAILABILITY = YES_AGGRESSIVE;
				CLANG_WARN_UNREACHABLE_CODE = YES;
				CLANG_WARN__DUPLICATE_METHOD_MATCH = YES;
				COPY_PHASE_STRIP = NO;
				DEBUG_INFORMATION_FORMAT = "dwarf-with-dsym";
				ENABLE_NS_ASSERTIONS = NO;
				ENABLE_STRICT_OBJC_MSGSEND = YES;
				GCC_C_LANGUAGE_STANDARD = gnu11;
				GCC_NO_COMMON_BLOCKS = YES;
				GCC_WARN_64_TO_32_BIT_CONVERSION = YES;
				GCC_WARN_ABOUT_RETURN_TYPE = YES_ERROR;
				GCC_WARN_UNDECLARED_SELECTOR = YES;
				GCC_WARN_UNINITIALIZED_AUTOS = YES_AGGRESSIVE;
				GCC_WARN_UNUSED_FUNCTION = YES;
				GCC_WARN_UNUSED_VARIABLE = YES;
				MACOSX_DEPLOYMENT_TARGET = 10.15;
				MTL_ENABLE_DEBUG_INFO = NO;
				MTL_FAST_MATH = YES;
				SDKROOT = macosx;
				SWIFT_COMPILATION_MODE = wholemodule;
				SWIFT_OPTIMIZATION_LEVEL = "-O";
			};
			name = Release;
		};
		4C4FD4E926A56880003B96F4 /* Debug */ = {
			isa = XCBuildConfiguration;
			buildSettings = {
				CODE_SIGN_STYLE = Automatic;
				DEVELOPMENT_TEAM = SY959SAN47;
				ENABLE_HARDENED_RUNTIME = YES;
				PRODUCT_NAME = "$(TARGET_NAME)";
				SWIFT_VERSION = 5.0;
			};
			name = Debug;
		};
		4C4FD4EA26A56880003B96F4 /* Release */ = {
			isa = XCBuildConfiguration;
			buildSettings = {
				CODE_SIGN_STYLE = Automatic;
				DEVELOPMENT_TEAM = SY959SAN47;
				ENABLE_HARDENED_RUNTIME = YES;
				PRODUCT_NAME = "$(TARGET_NAME)";
				SWIFT_VERSION = 5.0;
			};
			name = Release;
		};
		4C4FD50626A58A85003B96F4 /* Debug */ = {
			isa = XCBuildConfiguration;
			buildSettings = {
				CODE_SIGN_STYLE = Automatic;
				DEVELOPMENT_TEAM = SY959SAN47;
				ENABLE_HARDENED_RUNTIME = YES;
				PRODUCT_NAME = "$(TARGET_NAME)";
				SWIFT_VERSION = 5.0;
			};
			name = Debug;
		};
		4C4FD50726A58A85003B96F4 /* Release */ = {
			isa = XCBuildConfiguration;
			buildSettings = {
				CODE_SIGN_STYLE = Automatic;
				DEVELOPMENT_TEAM = SY959SAN47;
				ENABLE_HARDENED_RUNTIME = YES;
				PRODUCT_NAME = "$(TARGET_NAME)";
				SWIFT_VERSION = 5.0;
			};
			name = Release;
		};
		4C4FD51D26A5A1F8003B96F4 /* Debug */ = {
			isa = XCBuildConfiguration;
			buildSettings = {
				CODE_SIGN_STYLE = Automatic;
				DEVELOPMENT_TEAM = SY959SAN47;
				ENABLE_HARDENED_RUNTIME = YES;
				PRODUCT_NAME = "$(TARGET_NAME)";
				SWIFT_VERSION = 5.0;
			};
			name = Debug;
		};
		4C4FD51E26A5A1F8003B96F4 /* Release */ = {
			isa = XCBuildConfiguration;
			buildSettings = {
				CODE_SIGN_STYLE = Automatic;
				DEVELOPMENT_TEAM = SY959SAN47;
				ENABLE_HARDENED_RUNTIME = YES;
				PRODUCT_NAME = "$(TARGET_NAME)";
				SWIFT_VERSION = 5.0;
			};
			name = Release;
		};
		4C4FD52C26A67491003B96F4 /* Debug */ = {
			isa = XCBuildConfiguration;
			buildSettings = {
				CODE_SIGN_STYLE = Automatic;
				DEVELOPMENT_TEAM = SY959SAN47;
				ENABLE_HARDENED_RUNTIME = YES;
				PRODUCT_NAME = "$(TARGET_NAME)";
				SWIFT_VERSION = 5.0;
			};
			name = Debug;
		};
		4C4FD52D26A67491003B96F4 /* Release */ = {
			isa = XCBuildConfiguration;
			buildSettings = {
				CODE_SIGN_STYLE = Automatic;
				DEVELOPMENT_TEAM = SY959SAN47;
				ENABLE_HARDENED_RUNTIME = YES;
				PRODUCT_NAME = "$(TARGET_NAME)";
				SWIFT_VERSION = 5.0;
			};
			name = Release;
		};
		4C4FD53B26A67EBC003B96F4 /* Debug */ = {
			isa = XCBuildConfiguration;
			buildSettings = {
				CODE_SIGN_STYLE = Automatic;
				DEVELOPMENT_TEAM = SY959SAN47;
				ENABLE_HARDENED_RUNTIME = YES;
				PRODUCT_NAME = "$(TARGET_NAME)";
				SWIFT_VERSION = 5.0;
			};
			name = Debug;
		};
		4C4FD53C26A67EBC003B96F4 /* Release */ = {
			isa = XCBuildConfiguration;
			buildSettings = {
				CODE_SIGN_STYLE = Automatic;
				DEVELOPMENT_TEAM = SY959SAN47;
				ENABLE_HARDENED_RUNTIME = YES;
				PRODUCT_NAME = "$(TARGET_NAME)";
				SWIFT_VERSION = 5.0;
			};
			name = Release;
		};
/* End XCBuildConfiguration section */

/* Begin XCConfigurationList section */
		4C4FD4DC26A56880003B96F4 /* Build configuration list for PBXProject "baekjoon_algorithm" */ = {
			isa = XCConfigurationList;
			buildConfigurations = (
				4C4FD4E626A56880003B96F4 /* Debug */,
				4C4FD4E726A56880003B96F4 /* Release */,
			);
			defaultConfigurationIsVisible = 0;
			defaultConfigurationName = Release;
		};
		4C4FD4E826A56880003B96F4 /* Build configuration list for PBXNativeTarget "baekjoon_algorithm" */ = {
			isa = XCConfigurationList;
			buildConfigurations = (
				4C4FD4E926A56880003B96F4 /* Debug */,
				4C4FD4EA26A56880003B96F4 /* Release */,
			);
			defaultConfigurationIsVisible = 0;
			defaultConfigurationName = Release;
		};
		4C4FD50526A58A85003B96F4 /* Build configuration list for PBXNativeTarget "5567" */ = {
			isa = XCConfigurationList;
			buildConfigurations = (
				4C4FD50626A58A85003B96F4 /* Debug */,
				4C4FD50726A58A85003B96F4 /* Release */,
			);
			defaultConfigurationIsVisible = 0;
			defaultConfigurationName = Release;
		};
		4C4FD51F26A5A1F8003B96F4 /* Build configuration list for PBXNativeTarget "1966" */ = {
			isa = XCConfigurationList;
			buildConfigurations = (
				4C4FD51D26A5A1F8003B96F4 /* Debug */,
				4C4FD51E26A5A1F8003B96F4 /* Release */,
			);
			defaultConfigurationIsVisible = 0;
			defaultConfigurationName = Release;
		};
		4C4FD52B26A67491003B96F4 /* Build configuration list for PBXNativeTarget "10773" */ = {
			isa = XCConfigurationList;
			buildConfigurations = (
				4C4FD52C26A67491003B96F4 /* Debug */,
				4C4FD52D26A67491003B96F4 /* Release */,
			);
			defaultConfigurationIsVisible = 0;
			defaultConfigurationName = Release;
		};
		4C4FD53A26A67EBC003B96F4 /* Build configuration list for PBXNativeTarget "4673" */ = {
			isa = XCConfigurationList;
			buildConfigurations = (
				4C4FD53B26A67EBC003B96F4 /* Debug */,
				4C4FD53C26A67EBC003B96F4 /* Release */,
			);
			defaultConfigurationIsVisible = 0;
			defaultConfigurationName = Release;
		};
/* End XCConfigurationList section */
	};
	rootObject = 4C4FD4D926A56880003B96F4 /* Project object */;
}
